
Microsoft Visual Studio Solution File, Format Version 12.00
# Visual Studio 15
VisualStudioVersion = 15.0.27130.2020
MinimumVisualStudioVersion = 10.0.40219.1
Project("{FAE04EC0-301F-11D3-BF4B-00C04F79EFBC}") = "Instructor", "ArithmeticChallenge\Instructor.csproj", "{F1D41731-B647-4005-B69C-E7E41EA2DEA9}"
EndProject
Project("{FAE04EC0-301F-11D3-BF4B-00C04F79EFBC}") = "Student", "ArithmeticChallengeStudent\ArithmeticChallengeStudent\Student.csproj", "{5904C1E6-B7BC-48EC-89BC-54F7150526FB}"
EndProject
Global
	GlobalSection(SolutionConfigurationPlatforms) = preSolution
		Debug|Any CPU = Debug|Any CPU
		Release|Any CPU = Release|Any CPU
	EndGlobalSection
	GlobalSection(ProjectConfigurationPlatforms) = postSolution
		{F1D41731-B647-4005-B69C-E7E41EA2DEA9}.Debug|Any CPU.ActiveCfg = Debug|Any CPU
		{F1D41731-B647-4005-B69C-E7E41EA2DEA9}.Debug|Any CPU.Build.0 = Debug|Any CPU
		{F1D41731-B647-4005-B69C-E7E41EA2DEA9}.Release|Any CPU.ActiveCfg = Release|Any CPU
		{F1D41731-B647-4005-B69C-E7E41EA2DEA9}.Release|Any CPU.Build.0 = Release|Any CPU
		{5904C1E6-B7BC-48EC-89BC-54F7150526FB}.Debug|Any CPU.ActiveCfg = Debug|Any CPU
		{5904C1E6-B7BC-48EC-89BC-54F7150526FB}.Debug|Any CPU.Build.0 = Debug|Any CPU
		{5904C1E6-B7BC-48EC-89BC-54F7150526FB}.Release|Any CPU.ActiveCfg = Release|Any CPU
		{5904C1E6-B7BC-48EC-89BC-54F7150526FB}.Release|Any CPU.Build.0 = Release|Any CPU
	EndGlobalSection
	GlobalSection(SolutionProperties) = preSolution
		HideSolutionNode = FALSE
	EndGlobalSection
	GlobalSection(ExtensibilityGlobals) = postSolution
		SolutionGuid = {621EA997-3507-4591-A832-1E4DEDD5E91A}
	EndGlobalSection
EndGlobal
